// !$*UTF8*$!
{
	archiveVersion = 1;
	classes = {
	};
	objectVersion = 56;
	objects = {

/* Begin PBXBuildFile section */
		A01E2D0C2BE7AF2D00BFDAC3 /* View+Extenstions.swift in Sources */ = {isa = PBXBuildFile; fileRef = A01E2D0B2BE7AF2D00BFDAC3 /* View+Extenstions.swift */; };
		A01E2D0E2BE7B4B400BFDAC3 /* DateFormatter+Extensions.swift in Sources */ = {isa = PBXBuildFile; fileRef = A01E2D0D2BE7B4B400BFDAC3 /* DateFormatter+Extensions.swift */; };
		A027A4962C31CC4B0082E3BF /* WelcomeView.swift in Sources */ = {isa = PBXBuildFile; fileRef = A027A4952C31CC4B0082E3BF /* WelcomeView.swift */; };
		A027A4982C31CDED0082E3BF /* FeaturesView.swift in Sources */ = {isa = PBXBuildFile; fileRef = A027A4972C31CDED0082E3BF /* FeaturesView.swift */; };
		A027A49B2C31CE5F0082E3BF /* FeatureCard.swift in Sources */ = {isa = PBXBuildFile; fileRef = A027A49A2C31CE5F0082E3BF /* FeatureCard.swift */; };
		A027A49D2C31CF910082E3BF /* OnboardingView.swift in Sources */ = {isa = PBXBuildFile; fileRef = A027A49C2C31CF910082E3BF /* OnboardingView.swift */; };
		A02B85E52BE7A7BC00165D53 /* Ui.swift in Sources */ = {isa = PBXBuildFile; fileRef = A02B85E42BE7A7BC00165D53 /* Ui.swift */; };
		A03C92BA2BE6A64E0076E4F7 /* SthorApp.swift in Sources */ = {isa = PBXBuildFile; fileRef = A03C92B92BE6A64E0076E4F7 /* SthorApp.swift */; };
		A03C92BC2BE6A64E0076E4F7 /* ContentView.swift in Sources */ = {isa = PBXBuildFile; fileRef = A03C92BB2BE6A64E0076E4F7 /* ContentView.swift */; };
		A03C92BE2BE6A64E0076E4F7 /* Assets.xcassets in Resources */ = {isa = PBXBuildFile; fileRef = A03C92BD2BE6A64E0076E4F7 /* Assets.xcassets */; };
		A03C92C12BE6A64E0076E4F7 /* Preview Assets.xcassets in Resources */ = {isa = PBXBuildFile; fileRef = A03C92C02BE6A64E0076E4F7 /* Preview Assets.xcassets */; };
		A03C92CF2BE6A75D0076E4F7 /* ElectricView.swift in Sources */ = {isa = PBXBuildFile; fileRef = A03C92CE2BE6A75D0076E4F7 /* ElectricView.swift */; };
		A03C92D12BE6A7B60076E4F7 /* ScreenHeader.swift in Sources */ = {isa = PBXBuildFile; fileRef = A03C92D02BE6A7B60076E4F7 /* ScreenHeader.swift */; };
		A03C92D62BE6A8390076E4F7 /* HomeView.swift in Sources */ = {isa = PBXBuildFile; fileRef = A03C92D52BE6A8390076E4F7 /* HomeView.swift */; };
		A03C92D82BE6A8500076E4F7 /* NotificationsView.swift in Sources */ = {isa = PBXBuildFile; fileRef = A03C92D72BE6A8500076E4F7 /* NotificationsView.swift */; };
		A03C92DA2BE6A86B0076E4F7 /* ProfileView.swift in Sources */ = {isa = PBXBuildFile; fileRef = A03C92D92BE6A86B0076E4F7 /* ProfileView.swift */; };
		A04C246F2BECD1C300372341 /* Theme.swift in Sources */ = {isa = PBXBuildFile; fileRef = A04C246E2BECD1C300372341 /* Theme.swift */; };
		A04C24712BECD58E00372341 /* Electric.swift in Sources */ = {isa = PBXBuildFile; fileRef = A04C24702BECD58E00372341 /* Electric.swift */; };
		A064EE922C178BED0056B1F6 /* State.swift in Sources */ = {isa = PBXBuildFile; fileRef = A064EE912C178BED0056B1F6 /* State.swift */; };
		A064EE942C178E410056B1F6 /* CurrentPriceSubView.swift in Sources */ = {isa = PBXBuildFile; fileRef = A064EE932C178E410056B1F6 /* CurrentPriceSubView.swift */; };
		A06B348A2C15E0A7007B2342 /* SpinnerView.swift in Sources */ = {isa = PBXBuildFile; fileRef = A06B34892C15E0A7007B2342 /* SpinnerView.swift */; };
		A07328952BF6A13F0078D70F /* Color+Extensions.swift in Sources */ = {isa = PBXBuildFile; fileRef = A07328942BF6A13F0078D70F /* Color+Extensions.swift */; };
		A08D10A32C2B625E00143DFE /* DailyPriceSubView.swift in Sources */ = {isa = PBXBuildFile; fileRef = A08D10A22C2B625E00143DFE /* DailyPriceSubView.swift */; };
		A0AB80812C3A89F3009A7D2F /* CustomPriceView.swift in Sources */ = {isa = PBXBuildFile; fileRef = A0AB80802C3A89F3009A7D2F /* CustomPriceView.swift */; };
		A0AB80832C3AA365009A7D2F /* PriceCardGroupBox.swift in Sources */ = {isa = PBXBuildFile; fileRef = A0AB80822C3AA365009A7D2F /* PriceCardGroupBox.swift */; };
		A0AB80852C3AA3C9009A7D2F /* CardGroupBox.swift in Sources */ = {isa = PBXBuildFile; fileRef = A0AB80842C3AA3C9009A7D2F /* CardGroupBox.swift */; };
		A0B956E82BEF627C0062C411 /* PreviewData.swift in Sources */ = {isa = PBXBuildFile; fileRef = A0B956E72BEF627C0062C411 /* PreviewData.swift */; };
		A0B956ED2BEF70540062C411 /* AdvancedBarChart.swift in Sources */ = {isa = PBXBuildFile; fileRef = A0B956EC2BEF70540062C411 /* AdvancedBarChart.swift */; };
		A0B956EF2BEF7AD20062C411 /* MiniExchangePricesBarChart.swift in Sources */ = {isa = PBXBuildFile; fileRef = A0B956EE2BEF7AD20062C411 /* MiniExchangePricesBarChart.swift */; };
		A0B956F62BEF82FE0062C411 /* CurrentPriceView.swift in Sources */ = {isa = PBXBuildFile; fileRef = A0B956F52BEF82FE0062C411 /* CurrentPriceView.swift */; };
		A0D527B72C1F5D7C00EF78FE /* Tab.swift in Sources */ = {isa = PBXBuildFile; fileRef = A0D527B62C1F5D7C00EF78FE /* Tab.swift */; };
		A0E3815D2C2B574D00CC6D02 /* DailyPriceView.swift in Sources */ = {isa = PBXBuildFile; fileRef = A0E3815C2C2B574D00CC6D02 /* DailyPriceView.swift */; };
		A0E3815F2C2B578A00CC6D02 /* WeeklyPriceView.swift in Sources */ = {isa = PBXBuildFile; fileRef = A0E3815E2C2B578A00CC6D02 /* WeeklyPriceView.swift */; };
		A0E381612C2B579700CC6D02 /* MonthlyPriceView.swift in Sources */ = {isa = PBXBuildFile; fileRef = A0E381602C2B579700CC6D02 /* MonthlyPriceView.swift */; };
		A0EECDF92C159C4200D8934A /* ElectricService.swift in Sources */ = {isa = PBXBuildFile; fileRef = A0EECDF82C159C4200D8934A /* ElectricService.swift */; };
		A0EECDFC2C15A5B400D8934A /* CurrentPriceViewModel.swift in Sources */ = {isa = PBXBuildFile; fileRef = A0EECDFB2C15A5B400D8934A /* CurrentPriceViewModel.swift */; };
/* End PBXBuildFile section */

/* Begin PBXFileReference section */
		A01E2D0B2BE7AF2D00BFDAC3 /* View+Extenstions.swift */ = {isa = PBXFileReference; lastKnownFileType = sourcecode.swift; path = "View+Extenstions.swift"; sourceTree = "<group>"; };
		A01E2D0D2BE7B4B400BFDAC3 /* DateFormatter+Extensions.swift */ = {isa = PBXFileReference; lastKnownFileType = sourcecode.swift; path = "DateFormatter+Extensions.swift"; sourceTree = "<group>"; };
		A027A4952C31CC4B0082E3BF /* WelcomeView.swift */ = {isa = PBXFileReference; lastKnownFileType = sourcecode.swift; path = WelcomeView.swift; sourceTree = "<group>"; };
		A027A4972C31CDED0082E3BF /* FeaturesView.swift */ = {isa = PBXFileReference; lastKnownFileType = sourcecode.swift; path = FeaturesView.swift; sourceTree = "<group>"; };
		A027A49A2C31CE5F0082E3BF /* FeatureCard.swift */ = {isa = PBXFileReference; lastKnownFileType = sourcecode.swift; path = FeatureCard.swift; sourceTree = "<group>"; };
		A027A49C2C31CF910082E3BF /* OnboardingView.swift */ = {isa = PBXFileReference; lastKnownFileType = sourcecode.swift; path = OnboardingView.swift; sourceTree = "<group>"; };
		A02B85E42BE7A7BC00165D53 /* Ui.swift */ = {isa = PBXFileReference; lastKnownFileType = sourcecode.swift; path = Ui.swift; sourceTree = "<group>"; };
		A03C92B62BE6A64E0076E4F7 /* Sthor.app */ = {isa = PBXFileReference; explicitFileType = wrapper.application; includeInIndex = 0; path = Sthor.app; sourceTree = BUILT_PRODUCTS_DIR; };
		A03C92B92BE6A64E0076E4F7 /* SthorApp.swift */ = {isa = PBXFileReference; lastKnownFileType = sourcecode.swift; path = SthorApp.swift; sourceTree = "<group>"; };
		A03C92BB2BE6A64E0076E4F7 /* ContentView.swift */ = {isa = PBXFileReference; lastKnownFileType = sourcecode.swift; path = ContentView.swift; sourceTree = "<group>"; };
		A03C92BD2BE6A64E0076E4F7 /* Assets.xcassets */ = {isa = PBXFileReference; lastKnownFileType = folder.assetcatalog; path = Assets.xcassets; sourceTree = "<group>"; };
		A03C92C02BE6A64E0076E4F7 /* Preview Assets.xcassets */ = {isa = PBXFileReference; lastKnownFileType = folder.assetcatalog; path = "Preview Assets.xcassets"; sourceTree = "<group>"; };
		A03C92CE2BE6A75D0076E4F7 /* ElectricView.swift */ = {isa = PBXFileReference; lastKnownFileType = sourcecode.swift; path = ElectricView.swift; sourceTree = "<group>"; };
		A03C92D02BE6A7B60076E4F7 /* ScreenHeader.swift */ = {isa = PBXFileReference; lastKnownFileType = sourcecode.swift; path = ScreenHeader.swift; sourceTree = "<group>"; };
		A03C92D22BE6A7DC0076E4F7 /* README.md */ = {isa = PBXFileReference; lastKnownFileType = net.daringfireball.markdown; path = README.md; sourceTree = "<group>"; };
		A03C92D32BE6A7FB0076E4F7 /* README.md */ = {isa = PBXFileReference; lastKnownFileType = net.daringfireball.markdown; path = README.md; sourceTree = "<group>"; };
		A03C92D42BE6A80F0076E4F7 /* README.md */ = {isa = PBXFileReference; lastKnownFileType = net.daringfireball.markdown; path = README.md; sourceTree = "<group>"; };
		A03C92D52BE6A8390076E4F7 /* HomeView.swift */ = {isa = PBXFileReference; lastKnownFileType = sourcecode.swift; path = HomeView.swift; sourceTree = "<group>"; };
		A03C92D72BE6A8500076E4F7 /* NotificationsView.swift */ = {isa = PBXFileReference; lastKnownFileType = sourcecode.swift; path = NotificationsView.swift; sourceTree = "<group>"; };
		A03C92D92BE6A86B0076E4F7 /* ProfileView.swift */ = {isa = PBXFileReference; lastKnownFileType = sourcecode.swift; path = ProfileView.swift; sourceTree = "<group>"; };
		A03C92DB2BE6A8810076E4F7 /* README.md */ = {isa = PBXFileReference; lastKnownFileType = net.daringfireball.markdown; path = README.md; sourceTree = "<group>"; };
		A03C92DC2BE6A9280076E4F7 /* CHANGELOG.md */ = {isa = PBXFileReference; lastKnownFileType = net.daringfireball.markdown; path = CHANGELOG.md; sourceTree = "<group>"; };
		A03C92DD2BE6A9350076E4F7 /* README.md */ = {isa = PBXFileReference; lastKnownFileType = net.daringfireball.markdown; path = README.md; sourceTree = "<group>"; };
		A04C246E2BECD1C300372341 /* Theme.swift */ = {isa = PBXFileReference; lastKnownFileType = sourcecode.swift; path = Theme.swift; sourceTree = "<group>"; };
		A04C24702BECD58E00372341 /* Electric.swift */ = {isa = PBXFileReference; lastKnownFileType = sourcecode.swift; path = Electric.swift; sourceTree = "<group>"; };
		A064EE912C178BED0056B1F6 /* State.swift */ = {isa = PBXFileReference; lastKnownFileType = sourcecode.swift; path = State.swift; sourceTree = "<group>"; };
		A064EE932C178E410056B1F6 /* CurrentPriceSubView.swift */ = {isa = PBXFileReference; lastKnownFileType = sourcecode.swift; path = CurrentPriceSubView.swift; sourceTree = "<group>"; };
		A06B34882C15CF28007B2342 /* Info.plist */ = {isa = PBXFileReference; lastKnownFileType = text.plist; path = Info.plist; sourceTree = "<group>"; };
		A06B34892C15E0A7007B2342 /* SpinnerView.swift */ = {isa = PBXFileReference; lastKnownFileType = sourcecode.swift; path = SpinnerView.swift; sourceTree = "<group>"; };
		A07328942BF6A13F0078D70F /* Color+Extensions.swift */ = {isa = PBXFileReference; lastKnownFileType = sourcecode.swift; path = "Color+Extensions.swift"; sourceTree = "<group>"; };
		A08D10A22C2B625E00143DFE /* DailyPriceSubView.swift */ = {isa = PBXFileReference; lastKnownFileType = sourcecode.swift; path = DailyPriceSubView.swift; sourceTree = "<group>"; };
		A0AB80802C3A89F3009A7D2F /* CustomPriceView.swift */ = {isa = PBXFileReference; lastKnownFileType = sourcecode.swift; path = CustomPriceView.swift; sourceTree = "<group>"; };
		A0AB80822C3AA365009A7D2F /* PriceCardGroupBox.swift */ = {isa = PBXFileReference; lastKnownFileType = sourcecode.swift; path = PriceCardGroupBox.swift; sourceTree = "<group>"; };
		A0AB80842C3AA3C9009A7D2F /* CardGroupBox.swift */ = {isa = PBXFileReference; lastKnownFileType = sourcecode.swift; path = CardGroupBox.swift; sourceTree = "<group>"; };
		A0B956E72BEF627C0062C411 /* PreviewData.swift */ = {isa = PBXFileReference; lastKnownFileType = sourcecode.swift; path = PreviewData.swift; sourceTree = "<group>"; };
		A0B956EC2BEF70540062C411 /* AdvancedBarChart.swift */ = {isa = PBXFileReference; lastKnownFileType = sourcecode.swift; path = AdvancedBarChart.swift; sourceTree = "<group>"; };
		A0B956EE2BEF7AD20062C411 /* MiniExchangePricesBarChart.swift */ = {isa = PBXFileReference; lastKnownFileType = sourcecode.swift; path = MiniExchangePricesBarChart.swift; sourceTree = "<group>"; };
		A0B956F52BEF82FE0062C411 /* CurrentPriceView.swift */ = {isa = PBXFileReference; lastKnownFileType = sourcecode.swift; path = CurrentPriceView.swift; sourceTree = "<group>"; };
		A0D527B62C1F5D7C00EF78FE /* Tab.swift */ = {isa = PBXFileReference; lastKnownFileType = sourcecode.swift; path = Tab.swift; sourceTree = "<group>"; };
		A0E3815C2C2B574D00CC6D02 /* DailyPriceView.swift */ = {isa = PBXFileReference; lastKnownFileType = sourcecode.swift; path = DailyPriceView.swift; sourceTree = "<group>"; };
		A0E3815E2C2B578A00CC6D02 /* WeeklyPriceView.swift */ = {isa = PBXFileReference; lastKnownFileType = sourcecode.swift; path = WeeklyPriceView.swift; sourceTree = "<group>"; };
		A0E381602C2B579700CC6D02 /* MonthlyPriceView.swift */ = {isa = PBXFileReference; lastKnownFileType = sourcecode.swift; path = MonthlyPriceView.swift; sourceTree = "<group>"; };
		A0EECDF52C159A8A00D8934A /* README.md */ = {isa = PBXFileReference; lastKnownFileType = net.daringfireball.markdown; path = README.md; sourceTree = "<group>"; };
		A0EECDF82C159C4200D8934A /* ElectricService.swift */ = {isa = PBXFileReference; lastKnownFileType = sourcecode.swift; path = ElectricService.swift; sourceTree = "<group>"; };
		A0EECDFB2C15A5B400D8934A /* CurrentPriceViewModel.swift */ = {isa = PBXFileReference; lastKnownFileType = sourcecode.swift; path = CurrentPriceViewModel.swift; sourceTree = "<group>"; };
/* End PBXFileReference section */

/* Begin PBXFrameworksBuildPhase section */
		A03C92B32BE6A64E0076E4F7 /* Frameworks */ = {
			isa = PBXFrameworksBuildPhase;
			buildActionMask = 2147483647;
			files = (
			);
			runOnlyForDeploymentPostprocessing = 0;
		};
/* End PBXFrameworksBuildPhase section */

/* Begin PBXGroup section */
		A027A4942C31CB850082E3BF /* Onboarding */ = {
			isa = PBXGroup;
			children = (
				A027A49C2C31CF910082E3BF /* OnboardingView.swift */,
				A027A4952C31CC4B0082E3BF /* WelcomeView.swift */,
				A027A4972C31CDED0082E3BF /* FeaturesView.swift */,
				A027A4992C31CE410082E3BF /* Components */,
			);
			path = Onboarding;
			sourceTree = "<group>";
		};
		A027A4992C31CE410082E3BF /* Components */ = {
			isa = PBXGroup;
			children = (
				A027A49A2C31CE5F0082E3BF /* FeatureCard.swift */,
			);
			path = Components;
			sourceTree = "<group>";
		};
		A02B85E62BE7A91400165D53 /* ScreenViews */ = {
			isa = PBXGroup;
			children = (
				A03C92D52BE6A8390076E4F7 /* HomeView.swift */,
				A03C92CE2BE6A75D0076E4F7 /* ElectricView.swift */,
				A03C92D72BE6A8500076E4F7 /* NotificationsView.swift */,
				A03C92D92BE6A86B0076E4F7 /* ProfileView.swift */,
			);
			path = ScreenViews;
			sourceTree = "<group>";
		};
		A03C92AD2BE6A64D0076E4F7 = {
			isa = PBXGroup;
			children = (
				A03C92DD2BE6A9350076E4F7 /* README.md */,
				A03C92DC2BE6A9280076E4F7 /* CHANGELOG.md */,
				A03C92B82BE6A64E0076E4F7 /* Sthor */,
				A03C92B72BE6A64E0076E4F7 /* Products */,
			);
			sourceTree = "<group>";
		};
		A03C92B72BE6A64E0076E4F7 /* Products */ = {
			isa = PBXGroup;
			children = (
				A03C92B62BE6A64E0076E4F7 /* Sthor.app */,
			);
			name = Products;
			sourceTree = "<group>";
		};
		A03C92B82BE6A64E0076E4F7 /* Sthor */ = {
			isa = PBXGroup;
			children = (
				A06B34882C15CF28007B2342 /* Info.plist */,
				A03C92B92BE6A64E0076E4F7 /* SthorApp.swift */,
				A027A4942C31CB850082E3BF /* Onboarding */,
				A03C92C72BE6A67F0076E4F7 /* Application */,
				A03C92BD2BE6A64E0076E4F7 /* Assets.xcassets */,
				A03C92BF2BE6A64E0076E4F7 /* Preview Content */,
			);
			path = Sthor;
			sourceTree = "<group>";
		};
		A03C92BF2BE6A64E0076E4F7 /* Preview Content */ = {
			isa = PBXGroup;
			children = (
				A03C92C02BE6A64E0076E4F7 /* Preview Assets.xcassets */,
				A0B956E72BEF627C0062C411 /* PreviewData.swift */,
			);
			path = "Preview Content";
			sourceTree = "<group>";
		};
		A03C92C72BE6A67F0076E4F7 /* Application */ = {
			isa = PBXGroup;
			children = (
				A03C92CD2BE6A6CE0076E4F7 /* Views */,
				A0EECDFA2C15A51300D8934A /* ViewModels */,
				A03C92CA2BE6A6B40076E4F7 /* Models */,
				A03C92C82BE6A6870076E4F7 /* UI */,
				A03C92C92BE6A6A90076E4F7 /* Enums */,
				A03C92CC2BE6A6C40076E4F7 /* Utils */,
				A03C92CB2BE6A6BD0076E4F7 /* Services */,
			);
			path = Application;
			sourceTree = "<group>";
		};
		A03C92C82BE6A6870076E4F7 /* UI */ = {
			isa = PBXGroup;
			children = (
				A0AB80862C3AA7F0009A7D2F /* GroupBox */,
				A0B956E92BEF6EAC0062C411 /* charts */,
				A03C92D02BE6A7B60076E4F7 /* ScreenHeader.swift */,
				A03C92D22BE6A7DC0076E4F7 /* README.md */,
				A06B34892C15E0A7007B2342 /* SpinnerView.swift */,
			);
			path = UI;
			sourceTree = "<group>";
		};
		A03C92C92BE6A6A90076E4F7 /* Enums */ = {
			isa = PBXGroup;
			children = (
				A03C92D32BE6A7FB0076E4F7 /* README.md */,
				A064EE912C178BED0056B1F6 /* State.swift */,
				A0D527B62C1F5D7C00EF78FE /* Tab.swift */,
			);
			path = Enums;
			sourceTree = "<group>";
		};
		A03C92CA2BE6A6B40076E4F7 /* Models */ = {
			isa = PBXGroup;
			children = (
				A03C92D42BE6A80F0076E4F7 /* README.md */,
				A02B85E42BE7A7BC00165D53 /* Ui.swift */,
				A04C246E2BECD1C300372341 /* Theme.swift */,
				A04C24702BECD58E00372341 /* Electric.swift */,
				A0AB80842C3AA3C9009A7D2F /* CardGroupBox.swift */,
			);
			path = Models;
			sourceTree = "<group>";
		};
		A03C92CB2BE6A6BD0076E4F7 /* Services */ = {
			isa = PBXGroup;
			children = (
				A0EECDF52C159A8A00D8934A /* README.md */,
				A0EECDF82C159C4200D8934A /* ElectricService.swift */,
			);
			path = Services;
			sourceTree = "<group>";
		};
		A03C92CC2BE6A6C40076E4F7 /* Utils */ = {
			isa = PBXGroup;
			children = (
				A01E2D0B2BE7AF2D00BFDAC3 /* View+Extenstions.swift */,
				A01E2D0D2BE7B4B400BFDAC3 /* DateFormatter+Extensions.swift */,
				A07328942BF6A13F0078D70F /* Color+Extensions.swift */,
			);
			path = Utils;
			sourceTree = "<group>";
		};
		A03C92CD2BE6A6CE0076E4F7 /* Views */ = {
			isa = PBXGroup;
			children = (
				A03C92BB2BE6A64E0076E4F7 /* ContentView.swift */,
				A02B85E62BE7A91400165D53 /* ScreenViews */,
				A0B956F42BEF82A80062C411 /* Dashboard */,
				A0E3815B2C2B571F00CC6D02 /* Electric */,
				A03C92DB2BE6A8810076E4F7 /* README.md */,
			);
			path = Views;
			sourceTree = "<group>";
		};
		A08D109F2C2B60FA00143DFE /* Daily */ = {
			isa = PBXGroup;
			children = (
				A0E3815C2C2B574D00CC6D02 /* DailyPriceView.swift */,
				A08D10A22C2B625E00143DFE /* DailyPriceSubView.swift */,
			);
			path = Daily;
			sourceTree = "<group>";
		};
		A0AB807D2C3A8973009A7D2F /* Weekly */ = {
			isa = PBXGroup;
			children = (
				A0E3815E2C2B578A00CC6D02 /* WeeklyPriceView.swift */,
			);
			path = Weekly;
			sourceTree = "<group>";
		};
		A0AB807E2C3A897E009A7D2F /* Monthly */ = {
			isa = PBXGroup;
			children = (
				A0E381602C2B579700CC6D02 /* MonthlyPriceView.swift */,
			);
			path = Monthly;
			sourceTree = "<group>";
		};
		A0AB807F2C3A8984009A7D2F /* Custom */ = {
			isa = PBXGroup;
			children = (
				A0AB80802C3A89F3009A7D2F /* CustomPriceView.swift */,
			);
			path = Custom;
			sourceTree = "<group>";
		};
		A0AB80862C3AA7F0009A7D2F /* GroupBox */ = {
			isa = PBXGroup;
			children = (
				A0AB80822C3AA365009A7D2F /* PriceCardGroupBox.swift */,
			);
			path = GroupBox;
			sourceTree = "<group>";
		};
		A0B956E92BEF6EAC0062C411 /* charts */ = {
			isa = PBXGroup;
			children = (
				A0B956EC2BEF70540062C411 /* AdvancedBarChart.swift */,
				A0B956EE2BEF7AD20062C411 /* MiniExchangePricesBarChart.swift */,
			);
			path = charts;
			sourceTree = "<group>";
		};
		A0B956F42BEF82A80062C411 /* Dashboard */ = {
			isa = PBXGroup;
			children = (
				A0B956F52BEF82FE0062C411 /* CurrentPriceView.swift */,
				A064EE932C178E410056B1F6 /* CurrentPriceSubView.swift */,
			);
			path = Dashboard;
			sourceTree = "<group>";
		};
		A0E3815B2C2B571F00CC6D02 /* Electric */ = {
			isa = PBXGroup;
			children = (
				A0AB807F2C3A8984009A7D2F /* Custom */,
				A0AB807E2C3A897E009A7D2F /* Monthly */,
				A0AB807D2C3A8973009A7D2F /* Weekly */,
				A08D109F2C2B60FA00143DFE /* Daily */,
			);
			path = Electric;
			sourceTree = "<group>";
		};
		A0EECDFA2C15A51300D8934A /* ViewModels */ = {
			isa = PBXGroup;
			children = (
				A0EECDFB2C15A5B400D8934A /* CurrentPriceViewModel.swift */,
			);
			path = ViewModels;
			sourceTree = "<group>";
		};
/* End PBXGroup section */

/* Begin PBXNativeTarget section */
		A03C92B52BE6A64E0076E4F7 /* Sthor */ = {
			isa = PBXNativeTarget;
			buildConfigurationList = A03C92C42BE6A64E0076E4F7 /* Build configuration list for PBXNativeTarget "Sthor" */;
			buildPhases = (
				A03C92B22BE6A64E0076E4F7 /* Sources */,
				A03C92B32BE6A64E0076E4F7 /* Frameworks */,
				A03C92B42BE6A64E0076E4F7 /* Resources */,
			);
			buildRules = (
			);
			dependencies = (
			);
			name = Sthor;
			productName = Sthor;
			productReference = A03C92B62BE6A64E0076E4F7 /* Sthor.app */;
			productType = "com.apple.product-type.application";
		};
/* End PBXNativeTarget section */

/* Begin PBXProject section */
		A03C92AE2BE6A64D0076E4F7 /* Project object */ = {
			isa = PBXProject;
			attributes = {
				BuildIndependentTargetsInParallel = 1;
				LastSwiftUpdateCheck = 1530;
				LastUpgradeCheck = 1530;
				TargetAttributes = {
					A03C92B52BE6A64E0076E4F7 = {
						CreatedOnToolsVersion = 15.3;
					};
				};
			};
			buildConfigurationList = A03C92B12BE6A64D0076E4F7 /* Build configuration list for PBXProject "Sthor" */;
			compatibilityVersion = "Xcode 14.0";
			developmentRegion = en;
			hasScannedForEncodings = 0;
			knownRegions = (
				en,
				Base,
			);
			mainGroup = A03C92AD2BE6A64D0076E4F7;
			productRefGroup = A03C92B72BE6A64E0076E4F7 /* Products */;
			projectDirPath = "";
			projectRoot = "";
			targets = (
				A03C92B52BE6A64E0076E4F7 /* Sthor */,
			);
		};
/* End PBXProject section */

/* Begin PBXResourcesBuildPhase section */
		A03C92B42BE6A64E0076E4F7 /* Resources */ = {
			isa = PBXResourcesBuildPhase;
			buildActionMask = 2147483647;
			files = (
				A03C92C12BE6A64E0076E4F7 /* Preview Assets.xcassets in Resources */,
				A03C92BE2BE6A64E0076E4F7 /* Assets.xcassets in Resources */,
			);
			runOnlyForDeploymentPostprocessing = 0;
		};
/* End PBXResourcesBuildPhase section */

/* Begin PBXSourcesBuildPhase section */
		A03C92B22BE6A64E0076E4F7 /* Sources */ = {
			isa = PBXSourcesBuildPhase;
			buildActionMask = 2147483647;
			files = (
				A0B956ED2BEF70540062C411 /* AdvancedBarChart.swift in Sources */,
				A03C92BC2BE6A64E0076E4F7 /* ContentView.swift in Sources */,
				A0E381612C2B579700CC6D02 /* MonthlyPriceView.swift in Sources */,
				A01E2D0E2BE7B4B400BFDAC3 /* DateFormatter+Extensions.swift in Sources */,
				A027A49B2C31CE5F0082E3BF /* FeatureCard.swift in Sources */,
				A064EE922C178BED0056B1F6 /* State.swift in Sources */,
				A04C24712BECD58E00372341 /* Electric.swift in Sources */,
				A0EECDFC2C15A5B400D8934A /* CurrentPriceViewModel.swift in Sources */,
				A03C92CF2BE6A75D0076E4F7 /* ElectricView.swift in Sources */,
				A0AB80832C3AA365009A7D2F /* PriceCardGroupBox.swift in Sources */,
				A0B956E82BEF627C0062C411 /* PreviewData.swift in Sources */,
				A0E3815D2C2B574D00CC6D02 /* DailyPriceView.swift in Sources */,
				A02B85E52BE7A7BC00165D53 /* Ui.swift in Sources */,
				A0EECDF92C159C4200D8934A /* ElectricService.swift in Sources */,
				A03C92D12BE6A7B60076E4F7 /* ScreenHeader.swift in Sources */,
				A0B956F62BEF82FE0062C411 /* CurrentPriceView.swift in Sources */,
				A0B956EF2BEF7AD20062C411 /* MiniExchangePricesBarChart.swift in Sources */,
				A01E2D0C2BE7AF2D00BFDAC3 /* View+Extenstions.swift in Sources */,
				A03C92D62BE6A8390076E4F7 /* HomeView.swift in Sources */,
				A064EE942C178E410056B1F6 /* CurrentPriceSubView.swift in Sources */,
				A03C92BA2BE6A64E0076E4F7 /* SthorApp.swift in Sources */,
				A027A49D2C31CF910082E3BF /* OnboardingView.swift in Sources */,
				A0D527B72C1F5D7C00EF78FE /* Tab.swift in Sources */,
				A04C246F2BECD1C300372341 /* Theme.swift in Sources */,
				A07328952BF6A13F0078D70F /* Color+Extensions.swift in Sources */,
				A0AB80852C3AA3C9009A7D2F /* CardGroupBox.swift in Sources */,
				A03C92DA2BE6A86B0076E4F7 /* ProfileView.swift in Sources */,
				A0AB80812C3A89F3009A7D2F /* CustomPriceView.swift in Sources */,
				A027A4982C31CDED0082E3BF /* FeaturesView.swift in Sources */,
				A06B348A2C15E0A7007B2342 /* SpinnerView.swift in Sources */,
				A08D10A32C2B625E00143DFE /* DailyPriceSubView.swift in Sources */,
				A0E3815F2C2B578A00CC6D02 /* WeeklyPriceView.swift in Sources */,
				A03C92D82BE6A8500076E4F7 /* NotificationsView.swift in Sources */,
				A027A4962C31CC4B0082E3BF /* WelcomeView.swift in Sources */,
			);
			runOnlyForDeploymentPostprocessing = 0;
		};
/* End PBXSourcesBuildPhase section */

/* Begin XCBuildConfiguration section */
		A03C92C22BE6A64E0076E4F7 /* Debug */ = {
			isa = XCBuildConfiguration;
			buildSettings = {
				ALWAYS_SEARCH_USER_PATHS = NO;
				ASSETCATALOG_COMPILER_GENERATE_SWIFT_ASSET_SYMBOL_EXTENSIONS = YES;
				CLANG_ANALYZER_NONNULL = YES;
				CLANG_ANALYZER_NUMBER_OBJECT_CONVERSION = YES_AGGRESSIVE;
				CLANG_CXX_LANGUAGE_STANDARD = "gnu++20";
				CLANG_ENABLE_MODULES = YES;
				CLANG_ENABLE_OBJC_ARC = YES;
				CLANG_ENABLE_OBJC_WEAK = YES;
				CLANG_WARN_BLOCK_CAPTURE_AUTORELEASING = YES;
				CLANG_WARN_BOOL_CONVERSION = YES;
				CLANG_WARN_COMMA = YES;
				CLANG_WARN_CONSTANT_CONVERSION = YES;
				CLANG_WARN_DEPRECATED_OBJC_IMPLEMENTATIONS = YES;
				CLANG_WARN_DIRECT_OBJC_ISA_USAGE = YES_ERROR;
				CLANG_WARN_DOCUMENTATION_COMMENTS = YES;
				CLANG_WARN_EMPTY_BODY = YES;
				CLANG_WARN_ENUM_CONVERSION = YES;
				CLANG_WARN_INFINITE_RECURSION = YES;
				CLANG_WARN_INT_CONVERSION = YES;
				CLANG_WARN_NON_LITERAL_NULL_CONVERSION = YES;
				CLANG_WARN_OBJC_IMPLICIT_RETAIN_SELF = YES;
				CLANG_WARN_OBJC_LITERAL_CONVERSION = YES;
				CLANG_WARN_OBJC_ROOT_CLASS = YES_ERROR;
				CLANG_WARN_QUOTED_INCLUDE_IN_FRAMEWORK_HEADER = YES;
				CLANG_WARN_RANGE_LOOP_ANALYSIS = YES;
				CLANG_WARN_STRICT_PROTOTYPES = YES;
				CLANG_WARN_SUSPICIOUS_MOVE = YES;
				CLANG_WARN_UNGUARDED_AVAILABILITY = YES_AGGRESSIVE;
				CLANG_WARN_UNREACHABLE_CODE = YES;
				CLANG_WARN__DUPLICATE_METHOD_MATCH = YES;
				COPY_PHASE_STRIP = NO;
				DEBUG_INFORMATION_FORMAT = dwarf;
				ENABLE_STRICT_OBJC_MSGSEND = YES;
				ENABLE_TESTABILITY = YES;
				ENABLE_USER_SCRIPT_SANDBOXING = YES;
				GCC_C_LANGUAGE_STANDARD = gnu17;
				GCC_DYNAMIC_NO_PIC = NO;
				GCC_NO_COMMON_BLOCKS = YES;
				GCC_OPTIMIZATION_LEVEL = 0;
				GCC_PREPROCESSOR_DEFINITIONS = (
					"DEBUG=1",
					"$(inherited)",
				);
				GCC_WARN_64_TO_32_BIT_CONVERSION = YES;
				GCC_WARN_ABOUT_RETURN_TYPE = YES_ERROR;
				GCC_WARN_UNDECLARED_SELECTOR = YES;
				GCC_WARN_UNINITIALIZED_AUTOS = YES_AGGRESSIVE;
				GCC_WARN_UNUSED_FUNCTION = YES;
				GCC_WARN_UNUSED_VARIABLE = YES;
				IPHONEOS_DEPLOYMENT_TARGET = 17.4;
				LOCALIZATION_PREFERS_STRING_CATALOGS = YES;
				MTL_ENABLE_DEBUG_INFO = INCLUDE_SOURCE;
				MTL_FAST_MATH = YES;
				ONLY_ACTIVE_ARCH = YES;
				SDKROOT = iphoneos;
				SWIFT_ACTIVE_COMPILATION_CONDITIONS = "DEBUG $(inherited)";
				SWIFT_OPTIMIZATION_LEVEL = "-Onone";
			};
			name = Debug;
		};
		A03C92C32BE6A64E0076E4F7 /* Release */ = {
			isa = XCBuildConfiguration;
			buildSettings = {
				ALWAYS_SEARCH_USER_PATHS = NO;
				ASSETCATALOG_COMPILER_GENERATE_SWIFT_ASSET_SYMBOL_EXTENSIONS = YES;
				CLANG_ANALYZER_NONNULL = YES;
				CLANG_ANALYZER_NUMBER_OBJECT_CONVERSION = YES_AGGRESSIVE;
				CLANG_CXX_LANGUAGE_STANDARD = "gnu++20";
				CLANG_ENABLE_MODULES = YES;
				CLANG_ENABLE_OBJC_ARC = YES;
				CLANG_ENABLE_OBJC_WEAK = YES;
				CLANG_WARN_BLOCK_CAPTURE_AUTORELEASING = YES;
				CLANG_WARN_BOOL_CONVERSION = YES;
				CLANG_WARN_COMMA = YES;
				CLANG_WARN_CONSTANT_CONVERSION = YES;
				CLANG_WARN_DEPRECATED_OBJC_IMPLEMENTATIONS = YES;
				CLANG_WARN_DIRECT_OBJC_ISA_USAGE = YES_ERROR;
				CLANG_WARN_DOCUMENTATION_COMMENTS = YES;
				CLANG_WARN_EMPTY_BODY = YES;
				CLANG_WARN_ENUM_CONVERSION = YES;
				CLANG_WARN_INFINITE_RECURSION = YES;
				CLANG_WARN_INT_CONVERSION = YES;
				CLANG_WARN_NON_LITERAL_NULL_CONVERSION = YES;
				CLANG_WARN_OBJC_IMPLICIT_RETAIN_SELF = YES;
				CLANG_WARN_OBJC_LITERAL_CONVERSION = YES;
				CLANG_WARN_OBJC_ROOT_CLASS = YES_ERROR;
				CLANG_WARN_QUOTED_INCLUDE_IN_FRAMEWORK_HEADER = YES;
				CLANG_WARN_RANGE_LOOP_ANALYSIS = YES;
				CLANG_WARN_STRICT_PROTOTYPES = YES;
				CLANG_WARN_SUSPICIOUS_MOVE = YES;
				CLANG_WARN_UNGUARDED_AVAILABILITY = YES_AGGRESSIVE;
				CLANG_WARN_UNREACHABLE_CODE = YES;
				CLANG_WARN__DUPLICATE_METHOD_MATCH = YES;
				COPY_PHASE_STRIP = NO;
				DEBUG_INFORMATION_FORMAT = "dwarf-with-dsym";
				ENABLE_NS_ASSERTIONS = NO;
				ENABLE_STRICT_OBJC_MSGSEND = YES;
				ENABLE_USER_SCRIPT_SANDBOXING = YES;
				GCC_C_LANGUAGE_STANDARD = gnu17;
				GCC_NO_COMMON_BLOCKS = YES;
				GCC_WARN_64_TO_32_BIT_CONVERSION = YES;
				GCC_WARN_ABOUT_RETURN_TYPE = YES_ERROR;
				GCC_WARN_UNDECLARED_SELECTOR = YES;
				GCC_WARN_UNINITIALIZED_AUTOS = YES_AGGRESSIVE;
				GCC_WARN_UNUSED_FUNCTION = YES;
				GCC_WARN_UNUSED_VARIABLE = YES;
				IPHONEOS_DEPLOYMENT_TARGET = 17.4;
				LOCALIZATION_PREFERS_STRING_CATALOGS = YES;
				MTL_ENABLE_DEBUG_INFO = NO;
				MTL_FAST_MATH = YES;
				SDKROOT = iphoneos;
				SWIFT_COMPILATION_MODE = wholemodule;
				VALIDATE_PRODUCT = YES;
			};
			name = Release;
		};
		A03C92C52BE6A64E0076E4F7 /* Debug */ = {
			isa = XCBuildConfiguration;
			buildSettings = {
				ASSETCATALOG_COMPILER_APPICON_NAME = AppIcon;
				ASSETCATALOG_COMPILER_GLOBAL_ACCENT_COLOR_NAME = AccentColor;
				CODE_SIGN_STYLE = Automatic;
				CURRENT_PROJECT_VERSION = 1;
				DEVELOPMENT_ASSET_PATHS = "\"Sthor/Preview Content\"";
				DEVELOPMENT_TEAM = UC33FVNK6D;
				ENABLE_PREVIEWS = YES;
				GENERATE_INFOPLIST_FILE = YES;
				INFOPLIST_FILE = Sthor/Info.plist;
				INFOPLIST_KEY_UIApplicationSceneManifest_Generation = YES;
				INFOPLIST_KEY_UIApplicationSupportsIndirectInputEvents = YES;
				INFOPLIST_KEY_UILaunchScreen_Generation = YES;
				INFOPLIST_KEY_UISupportedInterfaceOrientations_iPad = "UIInterfaceOrientationPortrait UIInterfaceOrientationPortraitUpsideDown UIInterfaceOrientationLandscapeLeft UIInterfaceOrientationLandscapeRight";
				INFOPLIST_KEY_UISupportedInterfaceOrientations_iPhone = "UIInterfaceOrientationPortrait UIInterfaceOrientationLandscapeLeft UIInterfaceOrientationLandscapeRight";
				LD_RUNPATH_SEARCH_PATHS = (
					"$(inherited)",
					"@executable_path/Frameworks",
				);
				MARKETING_VERSION = 1.0;
				PRODUCT_BUNDLE_IDENTIFIER = com.anhcaooo.Sthor;
				PRODUCT_NAME = "$(TARGET_NAME)";
				SWIFT_EMIT_LOC_STRINGS = YES;
				SWIFT_VERSION = 5.0;
				TARGETED_DEVICE_FAMILY = "1,2";
			};
			name = Debug;
		};
		A03C92C62BE6A64E0076E4F7 /* Release */ = {
			isa = XCBuildConfiguration;
			buildSettings = {
				ASSETCATALOG_COMPILER_APPICON_NAME = AppIcon;
				ASSETCATALOG_COMPILER_GLOBAL_ACCENT_COLOR_NAME = AccentColor;
				CODE_SIGN_STYLE = Automatic;
				CURRENT_PROJECT_VERSION = 1;
				DEVELOPMENT_ASSET_PATHS = "\"Sthor/Preview Content\"";
				DEVELOPMENT_TEAM = UC33FVNK6D;
				ENABLE_PREVIEWS = YES;
				GENERATE_INFOPLIST_FILE = YES;
				INFOPLIST_FILE = Sthor/Info.plist;
				INFOPLIST_KEY_UIApplicationSceneManifest_Generation = YES;
				INFOPLIST_KEY_UIApplicationSupportsIndirectInputEvents = YES;
				INFOPLIST_KEY_UILaunchScreen_Generation = YES;
				INFOPLIST_KEY_UISupportedInterfaceOrientations_iPad = "UIInterfaceOrientationPortrait UIInterfaceOrientationPortraitUpsideDown UIInterfaceOrientationLandscapeLeft UIInterfaceOrientationLandscapeRight";
				INFOPLIST_KEY_UISupportedInterfaceOrientations_iPhone = "UIInterfaceOrientationPortrait UIInterfaceOrientationLandscapeLeft UIInterfaceOrientationLandscapeRight";
				LD_RUNPATH_SEARCH_PATHS = (
					"$(inherited)",
					"@executable_path/Frameworks",
				);
				MARKETING_VERSION = 1.0;
				PRODUCT_BUNDLE_IDENTIFIER = com.anhcaooo.Sthor;
				PRODUCT_NAME = "$(TARGET_NAME)";
				SWIFT_EMIT_LOC_STRINGS = YES;
				SWIFT_VERSION = 5.0;
				TARGETED_DEVICE_FAMILY = "1,2";
			};
			name = Release;
		};
/* End XCBuildConfiguration section */

/* Begin XCConfigurationList section */
		A03C92B12BE6A64D0076E4F7 /* Build configuration list for PBXProject "Sthor" */ = {
			isa = XCConfigurationList;
			buildConfigurations = (
				A03C92C22BE6A64E0076E4F7 /* Debug */,
				A03C92C32BE6A64E0076E4F7 /* Release */,
			);
			defaultConfigurationIsVisible = 0;
			defaultConfigurationName = Release;
		};
		A03C92C42BE6A64E0076E4F7 /* Build configuration list for PBXNativeTarget "Sthor" */ = {
			isa = XCConfigurationList;
			buildConfigurations = (
				A03C92C52BE6A64E0076E4F7 /* Debug */,
				A03C92C62BE6A64E0076E4F7 /* Release */,
			);
			defaultConfigurationIsVisible = 0;
			defaultConfigurationName = Release;
		};
/* End XCConfigurationList section */
	};
	rootObject = A03C92AE2BE6A64D0076E4F7 /* Project object */;
}
